// !$*UTF8*$!
{
	archiveVersion = 1;
	classes = {
	};
	objectVersion = 56;
	objects = {

/* Begin PBXBuildFile section */
		04AA02F92C392437003A931D /* NetworkInterchangableApp.swift in Sources */ = {isa = PBXBuildFile; fileRef = 04AA02F82C392437003A931D /* NetworkInterchangableApp.swift */; };
		04AA02FB2C392437003A931D /* ContentView.swift in Sources */ = {isa = PBXBuildFile; fileRef = 04AA02FA2C392437003A931D /* ContentView.swift */; };
		04AA02FD2C392438003A931D /* Assets.xcassets in Resources */ = {isa = PBXBuildFile; fileRef = 04AA02FC2C392438003A931D /* Assets.xcassets */; };
		04AA03002C392438003A931D /* Preview Assets.xcassets in Resources */ = {isa = PBXBuildFile; fileRef = 04AA02FF2C392438003A931D /* Preview Assets.xcassets */; };
		04AA03082C392470003A931D /* UserModel.swift in Sources */ = {isa = PBXBuildFile; fileRef = 04AA03072C392470003A931D /* UserModel.swift */; };
		04AA030B2C392484003A931D /* Webservice.swift in Sources */ = {isa = PBXBuildFile; fileRef = 04AA030A2C392484003A931D /* Webservice.swift */; };
		04AA030E2C392AD6003A931D /* UserViewModel.swift in Sources */ = {isa = PBXBuildFile; fileRef = 04AA030D2C392AD6003A931D /* UserViewModel.swift */; };
		04AA03112C392BF0003A931D /* Constants.swift in Sources */ = {isa = PBXBuildFile; fileRef = 04AA03102C392BF0003A931D /* Constants.swift */; };
		04AA03132C393885003A931D /* users.json in Resources */ = {isa = PBXBuildFile; fileRef = 04AA03122C393885003A931D /* users.json */; };
		04AA03172C3938AD003A931D /* Localservice.swift in Sources */ = {isa = PBXBuildFile; fileRef = 04AA03162C3938AD003A931D /* Localservice.swift */; };
		04AA03192C393A3E003A931D /* Networkservice.swift in Sources */ = {isa = PBXBuildFile; fileRef = 04AA03182C393A3E003A931D /* Networkservice.swift */; };
/* End PBXBuildFile section */

/* Begin PBXFileReference section */
		04AA02F52C392437003A931D /* NetworkInterchangable.app */ = {isa = PBXFileReference; explicitFileType = wrapper.application; includeInIndex = 0; path = NetworkInterchangable.app; sourceTree = BUILT_PRODUCTS_DIR; };
		04AA02F82C392437003A931D /* NetworkInterchangableApp.swift */ = {isa = PBXFileReference; lastKnownFileType = sourcecode.swift; path = NetworkInterchangableApp.swift; sourceTree = "<group>"; };
		04AA02FA2C392437003A931D /* ContentView.swift */ = {isa = PBXFileReference; lastKnownFileType = sourcecode.swift; path = ContentView.swift; sourceTree = "<group>"; };
		04AA02FC2C392438003A931D /* Assets.xcassets */ = {isa = PBXFileReference; lastKnownFileType = folder.assetcatalog; path = Assets.xcassets; sourceTree = "<group>"; };
		04AA02FF2C392438003A931D /* Preview Assets.xcassets */ = {isa = PBXFileReference; lastKnownFileType = folder.assetcatalog; path = "Preview Assets.xcassets"; sourceTree = "<group>"; };
		04AA03072C392470003A931D /* UserModel.swift */ = {isa = PBXFileReference; lastKnownFileType = sourcecode.swift; path = UserModel.swift; sourceTree = "<group>"; };
		04AA030A2C392484003A931D /* Webservice.swift */ = {isa = PBXFileReference; lastKnownFileType = sourcecode.swift; path = Webservice.swift; sourceTree = "<group>"; };
		04AA030D2C392AD6003A931D /* UserViewModel.swift */ = {isa = PBXFileReference; lastKnownFileType = sourcecode.swift; path = UserViewModel.swift; sourceTree = "<group>"; };
		04AA03102C392BF0003A931D /* Constants.swift */ = {isa = PBXFileReference; lastKnownFileType = sourcecode.swift; path = Constants.swift; sourceTree = "<group>"; };
		04AA03122C393885003A931D /* users.json */ = {isa = PBXFileReference; fileEncoding = 4; lastKnownFileType = text.json; path = users.json; sourceTree = "<group>"; };
		04AA03162C3938AD003A931D /* Localservice.swift */ = {isa = PBXFileReference; lastKnownFileType = sourcecode.swift; path = Localservice.swift; sourceTree = "<group>"; };
		04AA03182C393A3E003A931D /* Networkservice.swift */ = {isa = PBXFileReference; lastKnownFileType = sourcecode.swift; path = Networkservice.swift; sourceTree = "<group>"; };
/* End PBXFileReference section */

/* Begin PBXFrameworksBuildPhase section */
		04AA02F22C392437003A931D /* Frameworks */ = {
			isa = PBXFrameworksBuildPhase;
			buildActionMask = 2147483647;
			files = (
			);
			runOnlyForDeploymentPostprocessing = 0;
		};
/* End PBXFrameworksBuildPhase section */

/* Begin PBXGroup section */
		04AA02EC2C392437003A931D = {
			isa = PBXGroup;
			children = (
				04AA02F72C392437003A931D /* NetworkInterchangable */,
				04AA02F62C392437003A931D /* Products */,
			);
			sourceTree = "<group>";
		};
		04AA02F62C392437003A931D /* Products */ = {
			isa = PBXGroup;
			children = (
				04AA02F52C392437003A931D /* NetworkInterchangable.app */,
			);
			name = Products;
			sourceTree = "<group>";
		};
		04AA02F72C392437003A931D /* NetworkInterchangable */ = {
			isa = PBXGroup;
			children = (
				04AA03122C393885003A931D /* users.json */,
				04AA030F2C392BCC003A931D /* Constants */,
				04AA030C2C392490003A931D /* ViewModel */,
				04AA03092C392475003A931D /* Service */,
				04AA03062C392459003A931D /* Model */,
				04AA02F82C392437003A931D /* NetworkInterchangableApp.swift */,
				04AA02FA2C392437003A931D /* ContentView.swift */,
				04AA02FC2C392438003A931D /* Assets.xcassets */,
				04AA02FE2C392438003A931D /* Preview Content */,
			);
			path = NetworkInterchangable;
			sourceTree = "<group>";
		};
		04AA02FE2C392438003A931D /* Preview Content */ = {
			isa = PBXGroup;
			children = (
				04AA02FF2C392438003A931D /* Preview Assets.xcassets */,
			);
			path = "Preview Content";
			sourceTree = "<group>";
		};
		04AA03062C392459003A931D /* Model */ = {
			isa = PBXGroup;
			children = (
				04AA03072C392470003A931D /* UserModel.swift */,
			);
			path = Model;
			sourceTree = "<group>";
		};
		04AA03092C392475003A931D /* Service */ = {
			isa = PBXGroup;
			children = (
				04AA030A2C392484003A931D /* Webservice.swift */,
				04AA03162C3938AD003A931D /* Localservice.swift */,
				04AA03182C393A3E003A931D /* Networkservice.swift */,
			);
			path = Service;
			sourceTree = "<group>";
		};
		04AA030C2C392490003A931D /* ViewModel */ = {
			isa = PBXGroup;
			children = (
				04AA030D2C392AD6003A931D /* UserViewModel.swift */,
			);
			path = ViewModel;
			sourceTree = "<group>";
		};
		04AA030F2C392BCC003A931D /* Constants */ = {
			isa = PBXGroup;
			children = (
				04AA03102C392BF0003A931D /* Constants.swift */,
			);
			path = Constants;
			sourceTree = "<group>";
		};
/* End PBXGroup section */

/* Begin PBXNativeTarget section */
		04AA02F42C392437003A931D /* NetworkInterchangable */ = {
			isa = PBXNativeTarget;
			buildConfigurationList = 04AA03032C392438003A931D /* Build configuration list for PBXNativeTarget "NetworkInterchangable" */;
			buildPhases = (
				04AA02F12C392437003A931D /* Sources */,
				04AA02F22C392437003A931D /* Frameworks */,
				04AA02F32C392437003A931D /* Resources */,
			);
			buildRules = (
			);
			dependencies = (
			);
			name = NetworkInterchangable;
			productName = NetworkInterchangable;
			productReference = 04AA02F52C392437003A931D /* NetworkInterchangable.app */;
			productType = "com.apple.product-type.application";
		};
/* End PBXNativeTarget section */

/* Begin PBXProject section */
		04AA02ED2C392437003A931D /* Project object */ = {
			isa = PBXProject;
			attributes = {
				BuildIndependentTargetsInParallel = 1;
				LastSwiftUpdateCheck = 1540;
				LastUpgradeCheck = 1540;
				TargetAttributes = {
					04AA02F42C392437003A931D = {
						CreatedOnToolsVersion = 15.4;
					};
				};
			};
			buildConfigurationList = 04AA02F02C392437003A931D /* Build configuration list for PBXProject "NetworkInterchangable" */;
			compatibilityVersion = "Xcode 14.0";
			developmentRegion = en;
			hasScannedForEncodings = 0;
			knownRegions = (
				en,
				Base,
			);
			mainGroup = 04AA02EC2C392437003A931D;
			productRefGroup = 04AA02F62C392437003A931D /* Products */;
			projectDirPath = "";
			projectRoot = "";
			targets = (
				04AA02F42C392437003A931D /* NetworkInterchangable */,
			);
		};
/* End PBXProject section */

/* Begin PBXResourcesBuildPhase section */
		04AA02F32C392437003A931D /* Resources */ = {
			isa = PBXResourcesBuildPhase;
			buildActionMask = 2147483647;
			files = (
				04AA03132C393885003A931D /* users.json in Resources */,
				04AA03002C392438003A931D /* Preview Assets.xcassets in Resources */,
				04AA02FD2C392438003A931D /* Assets.xcassets in Resources */,
			);
			runOnlyForDeploymentPostprocessing = 0;
		};
/* End PBXResourcesBuildPhase section */

/* Begin PBXSourcesBuildPhase section */
		04AA02F12C392437003A931D /* Sources */ = {
			isa = PBXSourcesBuildPhase;
			buildActionMask = 2147483647;
			files = (
				04AA03172C3938AD003A931D /* Localservice.swift in Sources */,
				04AA02FB2C392437003A931D /* ContentView.swift in Sources */,
				04AA03192C393A3E003A931D /* Networkservice.swift in Sources */,
				04AA03082C392470003A931D /* UserModel.swift in Sources */,
				04AA030B2C392484003A931D /* Webservice.swift in Sources */,
				04AA030E2C392AD6003A931D /* UserViewModel.swift in Sources */,
				04AA02F92C392437003A931D /* NetworkInterchangableApp.swift in Sources */,
				04AA03112C392BF0003A931D /* Constants.swift in Sources */,
			);
			runOnlyForDeploymentPostprocessing = 0;
		};
/* End PBXSourcesBuildPhase section */

/* Begin XCBuildConfiguration section */
		04AA03012C392438003A931D /* Debug */ = {
			isa = XCBuildConfiguration;
			buildSettings = {
				ALWAYS_SEARCH_USER_PATHS = NO;
				ASSETCATALOG_COMPILER_GENERATE_SWIFT_ASSET_SYMBOL_EXTENSIONS = YES;
				CLANG_ANALYZER_NONNULL = YES;
				CLANG_ANALYZER_NUMBER_OBJECT_CONVERSION = YES_AGGRESSIVE;
				CLANG_CXX_LANGUAGE_STANDARD = "gnu++20";
				CLANG_ENABLE_MODULES = YES;
				CLANG_ENABLE_OBJC_ARC = YES;
				CLANG_ENABLE_OBJC_WEAK = YES;
				CLANG_WARN_BLOCK_CAPTURE_AUTORELEASING = YES;
				CLANG_WARN_BOOL_CONVERSION = YES;
				CLANG_WARN_COMMA = YES;
				CLANG_WARN_CONSTANT_CONVERSION = YES;
				CLANG_WARN_DEPRECATED_OBJC_IMPLEMENTATIONS = YES;
				CLANG_WARN_DIRECT_OBJC_ISA_USAGE = YES_ERROR;
				CLANG_WARN_DOCUMENTATION_COMMENTS = YES;
				CLANG_WARN_EMPTY_BODY = YES;
				CLANG_WARN_ENUM_CONVERSION = YES;
				CLANG_WARN_INFINITE_RECURSION = YES;
				CLANG_WARN_INT_CONVERSION = YES;
				CLANG_WARN_NON_LITERAL_NULL_CONVERSION = YES;
				CLANG_WARN_OBJC_IMPLICIT_RETAIN_SELF = YES;
				CLANG_WARN_OBJC_LITERAL_CONVERSION = YES;
				CLANG_WARN_OBJC_ROOT_CLASS = YES_ERROR;
				CLANG_WARN_QUOTED_INCLUDE_IN_FRAMEWORK_HEADER = YES;
				CLANG_WARN_RANGE_LOOP_ANALYSIS = YES;
				CLANG_WARN_STRICT_PROTOTYPES = YES;
				CLANG_WARN_SUSPICIOUS_MOVE = YES;
				CLANG_WARN_UNGUARDED_AVAILABILITY = YES_AGGRESSIVE;
				CLANG_WARN_UNREACHABLE_CODE = YES;
				CLANG_WARN__DUPLICATE_METHOD_MATCH = YES;
				COPY_PHASE_STRIP = NO;
				DEBUG_INFORMATION_FORMAT = dwarf;
				ENABLE_STRICT_OBJC_MSGSEND = YES;
				ENABLE_TESTABILITY = YES;
				ENABLE_USER_SCRIPT_SANDBOXING = YES;
				GCC_C_LANGUAGE_STANDARD = gnu17;
				GCC_DYNAMIC_NO_PIC = NO;
				GCC_NO_COMMON_BLOCKS = YES;
				GCC_OPTIMIZATION_LEVEL = 0;
				GCC_PREPROCESSOR_DEFINITIONS = (
					"DEBUG=1",
					"$(inherited)",
				);
				GCC_WARN_64_TO_32_BIT_CONVERSION = YES;
				GCC_WARN_ABOUT_RETURN_TYPE = YES_ERROR;
				GCC_WARN_UNDECLARED_SELECTOR = YES;
				GCC_WARN_UNINITIALIZED_AUTOS = YES_AGGRESSIVE;
				GCC_WARN_UNUSED_FUNCTION = YES;
				GCC_WARN_UNUSED_VARIABLE = YES;
				IPHONEOS_DEPLOYMENT_TARGET = 17.5;
				LOCALIZATION_PREFERS_STRING_CATALOGS = YES;
				MTL_ENABLE_DEBUG_INFO = INCLUDE_SOURCE;
				MTL_FAST_MATH = YES;
				ONLY_ACTIVE_ARCH = YES;
				SDKROOT = iphoneos;
				SWIFT_ACTIVE_COMPILATION_CONDITIONS = "DEBUG $(inherited)";
				SWIFT_OPTIMIZATION_LEVEL = "-Onone";
			};
			name = Debug;
		};
		04AA03022C392438003A931D /* Release */ = {
			isa = XCBuildConfiguration;
			buildSettings = {
				ALWAYS_SEARCH_USER_PATHS = NO;
				ASSETCATALOG_COMPILER_GENERATE_SWIFT_ASSET_SYMBOL_EXTENSIONS = YES;
				CLANG_ANALYZER_NONNULL = YES;
				CLANG_ANALYZER_NUMBER_OBJECT_CONVERSION = YES_AGGRESSIVE;
				CLANG_CXX_LANGUAGE_STANDARD = "gnu++20";
				CLANG_ENABLE_MODULES = YES;
				CLANG_ENABLE_OBJC_ARC = YES;
				CLANG_ENABLE_OBJC_WEAK = YES;
				CLANG_WARN_BLOCK_CAPTURE_AUTORELEASING = YES;
				CLANG_WARN_BOOL_CONVERSION = YES;
				CLANG_WARN_COMMA = YES;
				CLANG_WARN_CONSTANT_CONVERSION = YES;
				CLANG_WARN_DEPRECATED_OBJC_IMPLEMENTATIONS = YES;
				CLANG_WARN_DIRECT_OBJC_ISA_USAGE = YES_ERROR;
				CLANG_WARN_DOCUMENTATION_COMMENTS = YES;
				CLANG_WARN_EMPTY_BODY = YES;
				CLANG_WARN_ENUM_CONVERSION = YES;
				CLANG_WARN_INFINITE_RECURSION = YES;
				CLANG_WARN_INT_CONVERSION = YES;
				CLANG_WARN_NON_LITERAL_NULL_CONVERSION = YES;
				CLANG_WARN_OBJC_IMPLICIT_RETAIN_SELF = YES;
				CLANG_WARN_OBJC_LITERAL_CONVERSION = YES;
				CLANG_WARN_OBJC_ROOT_CLASS = YES_ERROR;
				CLANG_WARN_QUOTED_INCLUDE_IN_FRAMEWORK_HEADER = YES;
				CLANG_WARN_RANGE_LOOP_ANALYSIS = YES;
				CLANG_WARN_STRICT_PROTOTYPES = YES;
				CLANG_WARN_SUSPICIOUS_MOVE = YES;
				CLANG_WARN_UNGUARDED_AVAILABILITY = YES_AGGRESSIVE;
				CLANG_WARN_UNREACHABLE_CODE = YES;
				CLANG_WARN__DUPLICATE_METHOD_MATCH = YES;
				COPY_PHASE_STRIP = NO;
				DEBUG_INFORMATION_FORMAT = "dwarf-with-dsym";
				ENABLE_NS_ASSERTIONS = NO;
				ENABLE_STRICT_OBJC_MSGSEND = YES;
				ENABLE_USER_SCRIPT_SANDBOXING = YES;
				GCC_C_LANGUAGE_STANDARD = gnu17;
				GCC_NO_COMMON_BLOCKS = YES;
				GCC_WARN_64_TO_32_BIT_CONVERSION = YES;
				GCC_WARN_ABOUT_RETURN_TYPE = YES_ERROR;
				GCC_WARN_UNDECLARED_SELECTOR = YES;
				GCC_WARN_UNINITIALIZED_AUTOS = YES_AGGRESSIVE;
				GCC_WARN_UNUSED_FUNCTION = YES;
				GCC_WARN_UNUSED_VARIABLE = YES;
				IPHONEOS_DEPLOYMENT_TARGET = 17.5;
				LOCALIZATION_PREFERS_STRING_CATALOGS = YES;
				MTL_ENABLE_DEBUG_INFO = NO;
				MTL_FAST_MATH = YES;
				SDKROOT = iphoneos;
				SWIFT_COMPILATION_MODE = wholemodule;
				VALIDATE_PRODUCT = YES;
			};
			name = Release;
		};
		04AA03042C392438003A931D /* Debug */ = {
			isa = XCBuildConfiguration;
			buildSettings = {
				ASSETCATALOG_COMPILER_APPICON_NAME = AppIcon;
				ASSETCATALOG_COMPILER_GLOBAL_ACCENT_COLOR_NAME = AccentColor;
				CODE_SIGN_STYLE = Automatic;
				CURRENT_PROJECT_VERSION = 1;
				DEVELOPMENT_ASSET_PATHS = "\"NetworkInterchangable/Preview Content\"";
				DEVELOPMENT_TEAM = 37442GPKVJ;
				ENABLE_PREVIEWS = YES;
				GENERATE_INFOPLIST_FILE = YES;
				INFOPLIST_KEY_UIApplicationSceneManifest_Generation = YES;
				INFOPLIST_KEY_UIApplicationSupportsIndirectInputEvents = YES;
				INFOPLIST_KEY_UILaunchScreen_Generation = YES;
				INFOPLIST_KEY_UISupportedInterfaceOrientations_iPad = "UIInterfaceOrientationPortrait UIInterfaceOrientationPortraitUpsideDown UIInterfaceOrientationLandscapeLeft UIInterfaceOrientationLandscapeRight";
				INFOPLIST_KEY_UISupportedInterfaceOrientations_iPhone = "UIInterfaceOrientationPortrait UIInterfaceOrientationLandscapeLeft UIInterfaceOrientationLandscapeRight";
				LD_RUNPATH_SEARCH_PATHS = (
					"$(inherited)",
					"@executable_path/Frameworks",
				);
				MARKETING_VERSION = 1.0;
				PRODUCT_BUNDLE_IDENTIFIER = com.furkanislam.NetworkInterchangable;
				PRODUCT_NAME = "$(TARGET_NAME)";
				SWIFT_EMIT_LOC_STRINGS = YES;
				SWIFT_VERSION = 5.0;
				TARGETED_DEVICE_FAMILY = "1,2";
			};
			name = Debug;
		};
		04AA03052C392438003A931D /* Release */ = {
			isa = XCBuildConfiguration;
			buildSettings = {
				ASSETCATALOG_COMPILER_APPICON_NAME = AppIcon;
				ASSETCATALOG_COMPILER_GLOBAL_ACCENT_COLOR_NAME = AccentColor;
				CODE_SIGN_STYLE = Automatic;
				CURRENT_PROJECT_VERSION = 1;
				DEVELOPMENT_ASSET_PATHS = "\"NetworkInterchangable/Preview Content\"";
				DEVELOPMENT_TEAM = 37442GPKVJ;
				ENABLE_PREVIEWS = YES;
				GENERATE_INFOPLIST_FILE = YES;
				INFOPLIST_KEY_UIApplicationSceneManifest_Generation = YES;
				INFOPLIST_KEY_UIApplicationSupportsIndirectInputEvents = YES;
				INFOPLIST_KEY_UILaunchScreen_Generation = YES;
				INFOPLIST_KEY_UISupportedInterfaceOrientations_iPad = "UIInterfaceOrientationPortrait UIInterfaceOrientationPortraitUpsideDown UIInterfaceOrientationLandscapeLeft UIInterfaceOrientationLandscapeRight";
				INFOPLIST_KEY_UISupportedInterfaceOrientations_iPhone = "UIInterfaceOrientationPortrait UIInterfaceOrientationLandscapeLeft UIInterfaceOrientationLandscapeRight";
				LD_RUNPATH_SEARCH_PATHS = (
					"$(inherited)",
					"@executable_path/Frameworks",
				);
				MARKETING_VERSION = 1.0;
				PRODUCT_BUNDLE_IDENTIFIER = com.furkanislam.NetworkInterchangable;
				PRODUCT_NAME = "$(TARGET_NAME)";
				SWIFT_EMIT_LOC_STRINGS = YES;
				SWIFT_VERSION = 5.0;
				TARGETED_DEVICE_FAMILY = "1,2";
			};
			name = Release;
		};
/* End XCBuildConfiguration section */

/* Begin XCConfigurationList section */
		04AA02F02C392437003A931D /* Build configuration list for PBXProject "NetworkInterchangable" */ = {
			isa = XCConfigurationList;
			buildConfigurations = (
				04AA03012C392438003A931D /* Debug */,
				04AA03022C392438003A931D /* Release */,
			);
			defaultConfigurationIsVisible = 0;
			defaultConfigurationName = Release;
		};
		04AA03032C392438003A931D /* Build configuration list for PBXNativeTarget "NetworkInterchangable" */ = {
			isa = XCConfigurationList;
			buildConfigurations = (
				04AA03042C392438003A931D /* Debug */,
				04AA03052C392438003A931D /* Release */,
			);
			defaultConfigurationIsVisible = 0;
			defaultConfigurationName = Release;
		};
/* End XCConfigurationList section */
	};
	rootObject = 04AA02ED2C392437003A931D /* Project object */;
}
